
Microsoft Visual Studio Solution File, Format Version 12.00
# Visual Studio Version 16
VisualStudioVersion = 16.0.29123.88
MinimumVisualStudioVersion = 10.0.40219.1
Project("{FAE04EC0-301F-11D3-BF4B-00C04F79EFBC}") = "HW_01_10_JS", "HW_01_10_JS\HW_01_10_JS.csproj", "{9BF01240-DCBC-470D-884D-835CB966B4F9}"
EndProject
Global
	GlobalSection(SolutionConfigurationPlatforms) = preSolution
		Debug|Any CPU = Debug|Any CPU
		Release|Any CPU = Release|Any CPU
	EndGlobalSection
	GlobalSection(ProjectConfigurationPlatforms) = postSolution
		{9BF01240-DCBC-470D-884D-835CB966B4F9}.Debug|Any CPU.ActiveCfg = Debug|Any CPU
		{9BF01240-DCBC-470D-884D-835CB966B4F9}.Debug|Any CPU.Build.0 = Debug|Any CPU
		{9BF01240-DCBC-470D-884D-835CB966B4F9}.Release|Any CPU.ActiveCfg = Release|Any CPU
		{9BF01240-DCBC-470D-884D-835CB966B4F9}.Release|Any CPU.Build.0 = Release|Any CPU
	EndGlobalSection
	GlobalSection(SolutionProperties) = preSolution
		HideSolutionNode = FALSE
	EndGlobalSection
	GlobalSection(ExtensibilityGlobals) = postSolution
		SolutionGuid = {BDC00055-7450-47B6-9897-5FA3567B5166}
	EndGlobalSection
EndGlobal
